// !$*UTF8*$!
{
	archiveVersion = 1;
	classes = {
	};
	objectVersion = 46;
	objects = {

/* Begin PBXBuildFile section */
		B924A1301C2BAA72009326A2 /* AppDelegate.swift in Sources */ = {isa = PBXBuildFile; fileRef = B924A12F1C2BAA72009326A2 /* AppDelegate.swift */; };
		B924A1321C2BAA72009326A2 /* ViewController.swift in Sources */ = {isa = PBXBuildFile; fileRef = B924A1311C2BAA72009326A2 /* ViewController.swift */; };
		B924A1351C2BAA72009326A2 /* Main.storyboard in Resources */ = {isa = PBXBuildFile; fileRef = B924A1331C2BAA72009326A2 /* Main.storyboard */; };
		B924A1371C2BAA72009326A2 /* Assets.xcassets in Resources */ = {isa = PBXBuildFile; fileRef = B924A1361C2BAA72009326A2 /* Assets.xcassets */; };
		B924A13A1C2BAA72009326A2 /* LaunchScreen.storyboard in Resources */ = {isa = PBXBuildFile; fileRef = B924A1381C2BAA72009326A2 /* LaunchScreen.storyboard */; };
		B924A1451C2BAA72009326A2 /* tipCalcTests.swift in Sources */ = {isa = PBXBuildFile; fileRef = B924A1441C2BAA72009326A2 /* tipCalcTests.swift */; };
		B924A1501C2BAA72009326A2 /* tipCalcUITests.swift in Sources */ = {isa = PBXBuildFile; fileRef = B924A14F1C2BAA72009326A2 /* tipCalcUITests.swift */; };
		B9A5277B1C350A7A0076B2E8 /* SettingsController.swift in Sources */ = {isa = PBXBuildFile; fileRef = B9A5277A1C350A7A0076B2E8 /* SettingsController.swift */; };
/* End PBXBuildFile section */

/* Begin PBXContainerItemProxy section */
		B924A1411C2BAA72009326A2 /* PBXContainerItemProxy */ = {
			isa = PBXContainerItemProxy;
			containerPortal = B924A1241C2BAA72009326A2 /* Project object */;
			proxyType = 1;
			remoteGlobalIDString = B924A12B1C2BAA72009326A2;
			remoteInfo = tipCalc;
		};
		B924A14C1C2BAA72009326A2 /* PBXContainerItemProxy */ = {
			isa = PBXContainerItemProxy;
			containerPortal = B924A1241C2BAA72009326A2 /* Project object */;
			proxyType = 1;
			remoteGlobalIDString = B924A12B1C2BAA72009326A2;
			remoteInfo = tipCalc;
		};
/* End PBXContainerItemProxy section */

/* Begin PBXFileReference section */
		B924A12C1C2BAA72009326A2 /* tipCalc.app */ = {isa = PBXFileReference; explicitFileType = wrapper.application; includeInIndex = 0; path = tipCalc.app; sourceTree = BUILT_PRODUCTS_DIR; };
		B924A12F1C2BAA72009326A2 /* AppDelegate.swift */ = {isa = PBXFileReference; lastKnownFileType = sourcecode.swift; path = AppDelegate.swift; sourceTree = "<group>"; };
		B924A1311C2BAA72009326A2 /* ViewController.swift */ = {isa = PBXFileReference; lastKnownFileType = sourcecode.swift; path = ViewController.swift; sourceTree = "<group>"; };
		B924A1341C2BAA72009326A2 /* Base */ = {isa = PBXFileReference; lastKnownFileType = file.storyboard; name = Base; path = Base.lproj/Main.storyboard; sourceTree = "<group>"; };
		B924A1361C2BAA72009326A2 /* Assets.xcassets */ = {isa = PBXFileReference; lastKnownFileType = folder.assetcatalog; path = Assets.xcassets; sourceTree = "<group>"; };
		B924A1391C2BAA72009326A2 /* Base */ = {isa = PBXFileReference; lastKnownFileType = file.storyboard; name = Base; path = Base.lproj/LaunchScreen.storyboard; sourceTree = "<group>"; };
		B924A13B1C2BAA72009326A2 /* Info.plist */ = {isa = PBXFileReference; lastKnownFileType = text.plist.xml; path = Info.plist; sourceTree = "<group>"; };
		B924A1401C2BAA72009326A2 /* tipCalcTests.xctest */ = {isa = PBXFileReference; explicitFileType = wrapper.cfbundle; includeInIndex = 0; path = tipCalcTests.xctest; sourceTree = BUILT_PRODUCTS_DIR; };
		B924A1441C2BAA72009326A2 /* tipCalcTests.swift */ = {isa = PBXFileReference; lastKnownFileType = sourcecode.swift; path = tipCalcTests.swift; sourceTree = "<group>"; };
		B924A1461C2BAA72009326A2 /* Info.plist */ = {isa = PBXFileReference; lastKnownFileType = text.plist.xml; path = Info.plist; sourceTree = "<group>"; };
		B924A14B1C2BAA72009326A2 /* tipCalcUITests.xctest */ = {isa = PBXFileReference; explicitFileType = wrapper.cfbundle; includeInIndex = 0; path = tipCalcUITests.xctest; sourceTree = BUILT_PRODUCTS_DIR; };
		B924A14F1C2BAA72009326A2 /* tipCalcUITests.swift */ = {isa = PBXFileReference; lastKnownFileType = sourcecode.swift; path = tipCalcUITests.swift; sourceTree = "<group>"; };
		B924A1511C2BAA72009326A2 /* Info.plist */ = {isa = PBXFileReference; lastKnownFileType = text.plist.xml; path = Info.plist; sourceTree = "<group>"; };
		B9A5277A1C350A7A0076B2E8 /* SettingsController.swift */ = {isa = PBXFileReference; fileEncoding = 4; lastKnownFileType = sourcecode.swift; name = SettingsController.swift; path = tipCalc/SettingsController.swift; sourceTree = "<group>"; };
/* End PBXFileReference section */

/* Begin PBXFrameworksBuildPhase section */
		B924A1291C2BAA72009326A2 /* Frameworks */ = {
			isa = PBXFrameworksBuildPhase;
			buildActionMask = 2147483647;
			files = (
			);
			runOnlyForDeploymentPostprocessing = 0;
		};
		B924A13D1C2BAA72009326A2 /* Frameworks */ = {
			isa = PBXFrameworksBuildPhase;
			buildActionMask = 2147483647;
			files = (
			);
			runOnlyForDeploymentPostprocessing = 0;
		};
		B924A1481C2BAA72009326A2 /* Frameworks */ = {
			isa = PBXFrameworksBuildPhase;
			buildActionMask = 2147483647;
			files = (
			);
			runOnlyForDeploymentPostprocessing = 0;
		};
/* End PBXFrameworksBuildPhase section */

/* Begin PBXGroup section */
		B924A1231C2BAA72009326A2 = {
			isa = PBXGroup;
			children = (
				B9A5277A1C350A7A0076B2E8 /* SettingsController.swift */,
				B924A12E1C2BAA72009326A2 /* tipCalc */,
				B924A14E1C2BAA72009326A2 /* tipCalcUITests */,
				B924A12D1C2BAA72009326A2 /* Products */,
			);
			sourceTree = "<group>";
		};
		B924A12D1C2BAA72009326A2 /* Products */ = {
			isa = PBXGroup;
			children = (
				B924A12C1C2BAA72009326A2 /* tipCalc.app */,
				B924A1401C2BAA72009326A2 /* tipCalcTests.xctest */,
				B924A14B1C2BAA72009326A2 /* tipCalcUITests.xctest */,
			);
			name = Products;
			sourceTree = "<group>";
		};
		B924A12E1C2BAA72009326A2 /* tipCalc */ = {
			isa = PBXGroup;
			children = (
				B924A12F1C2BAA72009326A2 /* AppDelegate.swift */,
				B924A1311C2BAA72009326A2 /* ViewController.swift */,
				B924A1331C2BAA72009326A2 /* Main.storyboard */,
				B924A1361C2BAA72009326A2 /* Assets.xcassets */,
				B924A1381C2BAA72009326A2 /* LaunchScreen.storyboard */,
				B924A13B1C2BAA72009326A2 /* Info.plist */,
				B924A1431C2BAA72009326A2 /* tipCalcTests */,
			);
			path = tipCalc;
			sourceTree = "<group>";
		};
		B924A1431C2BAA72009326A2 /* tipCalcTests */ = {
			isa = PBXGroup;
			children = (
				B924A1441C2BAA72009326A2 /* tipCalcTests.swift */,
				B924A1461C2BAA72009326A2 /* Info.plist */,
			);
			path = tipCalcTests;
			sourceTree = SOURCE_ROOT;
		};
		B924A14E1C2BAA72009326A2 /* tipCalcUITests */ = {
			isa = PBXGroup;
			children = (
				B924A14F1C2BAA72009326A2 /* tipCalcUITests.swift */,
				B924A1511C2BAA72009326A2 /* Info.plist */,
			);
			path = tipCalcUITests;
			sourceTree = "<group>";
		};
/* End PBXGroup section */

/* Begin PBXNativeTarget section */
		B924A12B1C2BAA72009326A2 /* tipCalc */ = {
			isa = PBXNativeTarget;
			buildConfigurationList = B924A1541C2BAA72009326A2 /* Build configuration list for PBXNativeTarget "tipCalc" */;
			buildPhases = (
				B924A1281C2BAA72009326A2 /* Sources */,
				B924A1291C2BAA72009326A2 /* Frameworks */,
				B924A12A1C2BAA72009326A2 /* Resources */,
			);
			buildRules = (
			);
			dependencies = (
			);
			name = tipCalc;
			productName = tipCalc;
			productReference = B924A12C1C2BAA72009326A2 /* tipCalc.app */;
			productType = "com.apple.product-type.application";
		};
		B924A13F1C2BAA72009326A2 /* tipCalcTests */ = {
			isa = PBXNativeTarget;
			buildConfigurationList = B924A1571C2BAA72009326A2 /* Build configuration list for PBXNativeTarget "tipCalcTests" */;
			buildPhases = (
				B924A13C1C2BAA72009326A2 /* Sources */,
				B924A13D1C2BAA72009326A2 /* Frameworks */,
				B924A13E1C2BAA72009326A2 /* Resources */,
			);
			buildRules = (
			);
			dependencies = (
				B924A1421C2BAA72009326A2 /* PBXTargetDependency */,
			);
			name = tipCalcTests;
			productName = tipCalcTests;
			productReference = B924A1401C2BAA72009326A2 /* tipCalcTests.xctest */;
			productType = "com.apple.product-type.bundle.unit-test";
		};
		B924A14A1C2BAA72009326A2 /* tipCalcUITests */ = {
			isa = PBXNativeTarget;
			buildConfigurationList = B924A15A1C2BAA72009326A2 /* Build configuration list for PBXNativeTarget "tipCalcUITests" */;
			buildPhases = (
				B924A1471C2BAA72009326A2 /* Sources */,
				B924A1481C2BAA72009326A2 /* Frameworks */,
				B924A1491C2BAA72009326A2 /* Resources */,
			);
			buildRules = (
			);
			dependencies = (
				B924A14D1C2BAA72009326A2 /* PBXTargetDependency */,
			);
			name = tipCalcUITests;
			productName = tipCalcUITests;
			productReference = B924A14B1C2BAA72009326A2 /* tipCalcUITests.xctest */;
			productType = "com.apple.product-type.bundle.ui-testing";
		};
/* End PBXNativeTarget section */

/* Begin PBXProject section */
		B924A1241C2BAA72009326A2 /* Project object */ = {
			isa = PBXProject;
			attributes = {
				LastSwiftUpdateCheck = 0710;
				LastUpgradeCheck = 0710;
				ORGANIZATIONNAME = "Robinson Kameron";
				TargetAttributes = {
					B924A12B1C2BAA72009326A2 = {
						CreatedOnToolsVersion = 7.1.1;
					};
					B924A13F1C2BAA72009326A2 = {
						CreatedOnToolsVersion = 7.1.1;
						TestTargetID = B924A12B1C2BAA72009326A2;
					};
					B924A14A1C2BAA72009326A2 = {
						CreatedOnToolsVersion = 7.1.1;
						TestTargetID = B924A12B1C2BAA72009326A2;
					};
				};
			};
			buildConfigurationList = B924A1271C2BAA72009326A2 /* Build configuration list for PBXProject "tipCalc" */;
			compatibilityVersion = "Xcode 3.2";
			developmentRegion = English;
			hasScannedForEncodings = 0;
			knownRegions = (
				en,
				Base,
			);
			mainGroup = B924A1231C2BAA72009326A2;
			productRefGroup = B924A12D1C2BAA72009326A2 /* Products */;
			projectDirPath = "";
			projectRoot = "";
			targets = (
				B924A12B1C2BAA72009326A2 /* tipCalc */,
				B924A13F1C2BAA72009326A2 /* tipCalcTests */,
				B924A14A1C2BAA72009326A2 /* tipCalcUITests */,
			);
		};
/* End PBXProject section */

/* Begin PBXResourcesBuildPhase section */
		B924A12A1C2BAA72009326A2 /* Resources */ = {
			isa = PBXResourcesBuildPhase;
			buildActionMask = 2147483647;
			files = (
				B924A13A1C2BAA72009326A2 /* LaunchScreen.storyboard in Resources */,
				B924A1371C2BAA72009326A2 /* Assets.xcassets in Resources */,
				B924A1351C2BAA72009326A2 /* Main.storyboard in Resources */,
			);
			runOnlyForDeploymentPostprocessing = 0;
		};
		B924A13E1C2BAA72009326A2 /* Resources */ = {
			isa = PBXResourcesBuildPhase;
			buildActionMask = 2147483647;
			files = (
			);
			runOnlyForDeploymentPostprocessing = 0;
		};
		B924A1491C2BAA72009326A2 /* Resources */ = {
			isa = PBXResourcesBuildPhase;
			buildActionMask = 2147483647;
			files = (
			);
			runOnlyForDeploymentPostprocessing = 0;
		};
/* End PBXResourcesBuildPhase section */

/* Begin PBXSourcesBuildPhase section */
		B924A1281C2BAA72009326A2 /* Sources */ = {
			isa = PBXSourcesBuildPhase;
			buildActionMask = 2147483647;
			files = (
				B9A5277B1C350A7A0076B2E8 /* SettingsController.swift in Sources */,
				B924A1321C2BAA72009326A2 /* ViewController.swift in Sources */,
				B924A1301C2BAA72009326A2 /* AppDelegate.swift in Sources */,
			);
			runOnlyForDeploymentPostprocessing = 0;
		};
		B924A13C1C2BAA72009326A2 /* Sources */ = {
			isa = PBXSourcesBuildPhase;
			buildActionMask = 2147483647;
			files = (
				B924A1451C2BAA72009326A2 /* tipCalcTests.swift in Sources */,
			);
			runOnlyForDeploymentPostprocessing = 0;
		};
		B924A1471C2BAA72009326A2 /* Sources */ = {
			isa = PBXSourcesBuildPhase;
			buildActionMask = 2147483647;
			files = (
				B924A1501C2BAA72009326A2 /* tipCalcUITests.swift in Sources */,
			);
			runOnlyForDeploymentPostprocessing = 0;
		};
/* End PBXSourcesBuildPhase section */

/* Begin PBXTargetDependency section */
		B924A1421C2BAA72009326A2 /* PBXTargetDependency */ = {
			isa = PBXTargetDependency;
			target = B924A12B1C2BAA72009326A2 /* tipCalc */;
			targetProxy = B924A1411C2BAA72009326A2 /* PBXContainerItemProxy */;
		};
		B924A14D1C2BAA72009326A2 /* PBXTargetDependency */ = {
			isa = PBXTargetDependency;
			target = B924A12B1C2BAA72009326A2 /* tipCalc */;
			targetProxy = B924A14C1C2BAA72009326A2 /* PBXContainerItemProxy */;
		};
/* End PBXTargetDependency section */

/* Begin PBXVariantGroup section */
		B924A1331C2BAA72009326A2 /* Main.storyboard */ = {
			isa = PBXVariantGroup;
			children = (
				B924A1341C2BAA72009326A2 /* Base */,
			);
			name = Main.storyboard;
			sourceTree = "<group>";
		};
		B924A1381C2BAA72009326A2 /* LaunchScreen.storyboard */ = {
			isa = PBXVariantGroup;
			children = (
				B924A1391C2BAA72009326A2 /* Base */,
			);
			name = LaunchScreen.storyboard;
			sourceTree = "<group>";
		};
/* End PBXVariantGroup section */

/* Begin XCBuildConfiguration section */
		B924A1521C2BAA72009326A2 /* Debug */ = {
			isa = XCBuildConfiguration;
			buildSettings = {
				ALWAYS_SEARCH_USER_PATHS = NO;
				CLANG_CXX_LANGUAGE_STANDARD = "gnu++0x";
				CLANG_CXX_LIBRARY = "libc++";
				CLANG_ENABLE_MODULES = YES;
				CLANG_ENABLE_OBJC_ARC = YES;
				CLANG_WARN_BOOL_CONVERSION = YES;
				CLANG_WARN_CONSTANT_CONVERSION = YES;
				CLANG_WARN_DIRECT_OBJC_ISA_USAGE = YES_ERROR;
				CLANG_WARN_EMPTY_BODY = YES;
				CLANG_WARN_ENUM_CONVERSION = YES;
				CLANG_WARN_INT_CONVERSION = YES;
				CLANG_WARN_OBJC_ROOT_CLASS = YES_ERROR;
				CLANG_WARN_UNREACHABLE_CODE = YES;
				CLANG_WARN__DUPLICATE_METHOD_MATCH = YES;
				"CODE_SIGN_IDENTITY[sdk=iphoneos*]" = "iPhone Developer";
				COPY_PHASE_STRIP = NO;
				DEBUG_INFORMATION_FORMAT = dwarf;
				ENABLE_STRICT_OBJC_MSGSEND = YES;
				ENABLE_TESTABILITY = YES;
				GCC_C_LANGUAGE_STANDARD = gnu99;
				GCC_DYNAMIC_NO_PIC = NO;
				GCC_NO_COMMON_BLOCKS = YES;
				GCC_OPTIMIZATION_LEVEL = 0;
				GCC_PREPROCESSOR_DEFINITIONS = (
					"DEBUG=1",
					"$(inherited)",
				);
				GCC_WARN_64_TO_32_BIT_CONVERSION = YES;
				GCC_WARN_ABOUT_RETURN_TYPE = YES_ERROR;
				GCC_WARN_UNDECLARED_SELECTOR = YES;
				GCC_WARN_UNINITIALIZED_AUTOS = YES_AGGRESSIVE;
				GCC_WARN_UNUSED_FUNCTION = YES;
				GCC_WARN_UNUSED_VARIABLE = YES;
				IPHONEOS_DEPLOYMENT_TARGET = 9.1;
				MTL_ENABLE_DEBUG_INFO = YES;
				ONLY_ACTIVE_ARCH = YES;
				SDKROOT = iphoneos;
				SWIFT_OPTIMIZATION_LEVEL = "-Onone";
			};
			name = Debug;
		};
		B924A1531C2BAA72009326A2 /* Release */ = {
			isa = XCBuildConfiguration;
			buildSettings = {
				ALWAYS_SEARCH_USER_PATHS = NO;
				CLANG_CXX_LANGUAGE_STANDARD = "gnu++0x";
				CLANG_CXX_LIBRARY = "libc++";
				CLANG_ENABLE_MODULES = YES;
				CLANG_ENABLE_OBJC_ARC = YES;
				CLANG_WARN_BOOL_CONVERSION = YES;
				CLANG_WARN_CONSTANT_CONVERSION = YES;
				CLANG_WARN_DIRECT_OBJC_ISA_USAGE = YES_ERROR;
				CLANG_WARN_EMPTY_BODY = YES;
				CLANG_WARN_ENUM_CONVERSION = YES;
				CLANG_WARN_INT_CONVERSION = YES;
				CLANG_WARN_OBJC_ROOT_CLASS = YES_ERROR;
				CLANG_WARN_UNREACHABLE_CODE = YES;
				CLANG_WARN__DUPLICATE_METHOD_MATCH = YES;
				"CODE_SIGN_IDENTITY[sdk=iphoneos*]" = "iPhone Developer";
				COPY_PHASE_STRIP = NO;
				DEBUG_INFORMATION_FORMAT = "dwarf-with-dsym";
				ENABLE_NS_ASSERTIONS = NO;
				ENABLE_STRICT_OBJC_MSGSEND = YES;
				GCC_C_LANGUAGE_STANDARD = gnu99;
				GCC_NO_COMMON_BLOCKS = YES;
				GCC_WARN_64_TO_32_BIT_CONVERSION = YES;
				GCC_WARN_ABOUT_RETURN_TYPE = YES_ERROR;
				GCC_WARN_UNDECLARED_SELECTOR = YES;
				GCC_WARN_UNINITIALIZED_AUTOS = YES_AGGRESSIVE;
				GCC_WARN_UNUSED_FUNCTION = YES;
				GCC_WARN_UNUSED_VARIABLE = YES;
				IPHONEOS_DEPLOYMENT_TARGET = 9.1;
				MTL_ENABLE_DEBUG_INFO = NO;
				SDKROOT = iphoneos;
				VALIDATE_PRODUCT = YES;
			};
			name = Release;
		};
		B924A1551C2BAA72009326A2 /* Debug */ = {
			isa = XCBuildConfiguration;
			buildSettings = {
				ASSETCATALOG_COMPILER_APPICON_NAME = AppIcon;
				INFOPLIST_FILE = tipCalc/Info.plist;
				LD_RUNPATH_SEARCH_PATHS = "$(inherited) @executable_path/Frameworks";
				PRODUCT_BUNDLE_IDENTIFIER = robinsonkameron.tipCalc;
				PRODUCT_NAME = "$(TARGET_NAME)";
			};
			name = Debug;
		};
		B924A1561C2BAA72009326A2 /* Release */ = {
			isa = XCBuildConfiguration;
			buildSettings = {
				ASSETCATALOG_COMPILER_APPICON_NAME = AppIcon;
				INFOPLIST_FILE = tipCalc/Info.plist;
				LD_RUNPATH_SEARCH_PATHS = "$(inherited) @executable_path/Frameworks";
				PRODUCT_BUNDLE_IDENTIFIER = robinsonkameron.tipCalc;
				PRODUCT_NAME = "$(TARGET_NAME)";
			};
			name = Release;
		};
		B924A1581C2BAA72009326A2 /* Debug */ = {
			isa = XCBuildConfiguration;
			buildSettings = {
				BUNDLE_LOADER = "$(TEST_HOST)";
				INFOPLIST_FILE = tipCalcTests/Info.plist;
				LD_RUNPATH_SEARCH_PATHS = "$(inherited) @executable_path/Frameworks @loader_path/Frameworks";
				PRODUCT_BUNDLE_IDENTIFIER = robinsonkameron.tipCalcTests;
				PRODUCT_NAME = "$(TARGET_NAME)";
				TEST_HOST = "$(BUILT_PRODUCTS_DIR)/tipCalc.app/tipCalc";
			};
			name = Debug;
		};
		B924A1591C2BAA72009326A2 /* Release */ = {
			isa = XCBuildConfiguration;
			buildSettings = {
				BUNDLE_LOADER = "$(TEST_HOST)";
				INFOPLIST_FILE = tipCalcTests/Info.plist;
				LD_RUNPATH_SEARCH_PATHS = "$(inherited) @executable_path/Frameworks @loader_path/Frameworks";
				PRODUCT_BUNDLE_IDENTIFIER = robinsonkameron.tipCalcTests;
				PRODUCT_NAME = "$(TARGET_NAME)";
				TEST_HOST = "$(BUILT_PRODUCTS_DIR)/tipCalc.app/tipCalc";
			};
			name = Release;
		};
		B924A15B1C2BAA72009326A2 /* Debug */ = {
			isa = XCBuildConfiguration;
			buildSettings = {
				INFOPLIST_FILE = tipCalcUITests/Info.plist;
				LD_RUNPATH_SEARCH_PATHS = "$(inherited) @executable_path/Frameworks @loader_path/Frameworks";
				PRODUCT_BUNDLE_IDENTIFIER = robinsonkameron.tipCalcUITests;
				PRODUCT_NAME = "$(TARGET_NAME)";
				TEST_TARGET_NAME = tipCalc;
				USES_XCTRUNNER = YES;
			};
			name = Debug;
		};
		B924A15C1C2BAA72009326A2 /* Release */ = {
			isa = XCBuildConfiguration;
			buildSettings = {
				INFOPLIST_FILE = tipCalcUITests/Info.plist;
				LD_RUNPATH_SEARCH_PATHS = "$(inherited) @executable_path/Frameworks @loader_path/Frameworks";
				PRODUCT_BUNDLE_IDENTIFIER = robinsonkameron.tipCalcUITests;
				PRODUCT_NAME = "$(TARGET_NAME)";
				TEST_TARGET_NAME = tipCalc;
				USES_XCTRUNNER = YES;
			};
			name = Release;
		};
/* End XCBuildConfiguration section */

/* Begin XCConfigurationList section */
		B924A1271C2BAA72009326A2 /* Build configuration list for PBXProject "tipCalc" */ = {
			isa = XCConfigurationList;
			buildConfigurations = (
				B924A1521C2BAA72009326A2 /* Debug */,
				B924A1531C2BAA72009326A2 /* Release */,
			);
			defaultConfigurationIsVisible = 0;
			defaultConfigurationName = Release;
		};
		B924A1541C2BAA72009326A2 /* Build configuration list for PBXNativeTarget "tipCalc" */ = {
			isa = XCConfigurationList;
			buildConfigurations = (
				B924A1551C2BAA72009326A2 /* Debug */,
				B924A1561C2BAA72009326A2 /* Release */,
			);
			defaultConfigurationIsVisible = 0;
			defaultConfigurationName = Release;
		};
		B924A1571C2BAA72009326A2 /* Build configuration list for PBXNativeTarget "tipCalcTests" */ = {
			isa = XCConfigurationList;
			buildConfigurations = (
				B924A1581C2BAA72009326A2 /* Debug */,
				B924A1591C2BAA72009326A2 /* Release */,
			);
			defaultConfigurationIsVisible = 0;
			defaultConfigurationName = Release;
		};
		B924A15A1C2BAA72009326A2 /* Build configuration list for PBXNativeTarget "tipCalcUITests" */ = {
			isa = XCConfigurationList;
			buildConfigurations = (
				B924A15B1C2BAA72009326A2 /* Debug */,
				B924A15C1C2BAA72009326A2 /* Release */,
			);
			defaultConfigurationIsVisible = 0;
			defaultConfigurationName = Release;
		};
/* End XCConfigurationList section */
	};
	rootObject = B924A1241C2BAA72009326A2 /* Project object */;
}
